// !$*UTF8*$!
{
	archiveVersion = 1;
	classes = {
	};
	objectVersion = 56;
	objects = {

/* Begin PBXBuildFile section */
		FDB3AA262965678000CD21A4 /* Test+CoreDataClass.swift in Sources */ = {isa = PBXBuildFile; fileRef = FDB3AA242965678000CD21A4 /* Test+CoreDataClass.swift */; };
		FDB3AA272965678000CD21A4 /* Test+CoreDataProperties.swift in Sources */ = {isa = PBXBuildFile; fileRef = FDB3AA252965678000CD21A4 /* Test+CoreDataProperties.swift */; };
		FDB3AA292965699D00CD21A4 /* DataTest.swift in Sources */ = {isa = PBXBuildFile; fileRef = FDB3AA282965699D00CD21A4 /* DataTest.swift */; };
		FDB3AA2B296694B500CD21A4 /* GenicCoreDataOperation.swift in Sources */ = {isa = PBXBuildFile; fileRef = FDB3AA2A296694B500CD21A4 /* GenicCoreDataOperation.swift */; };
		FDB3AA2D2966992900CD21A4 /* TestDataGenic.swift in Sources */ = {isa = PBXBuildFile; fileRef = FDB3AA2C2966992900CD21A4 /* TestDataGenic.swift */; };
		FDB3AA2F2966ADCA00CD21A4 /* TestGenicView.swift in Sources */ = {isa = PBXBuildFile; fileRef = FDB3AA2E2966ADCA00CD21A4 /* TestGenicView.swift */; };
		FDEE85DE2963D38300177B3C /* TestPod3App.swift in Sources */ = {isa = PBXBuildFile; fileRef = FDEE85DD2963D38300177B3C /* TestPod3App.swift */; };
		FDEE85E02963D38300177B3C /* Persistence.swift in Sources */ = {isa = PBXBuildFile; fileRef = FDEE85DF2963D38300177B3C /* Persistence.swift */; };
		FDEE85E32963D38400177B3C /* TestPod3.xcdatamodeld in Sources */ = {isa = PBXBuildFile; fileRef = FDEE85E12963D38300177B3C /* TestPod3.xcdatamodeld */; };
		FDEE85E52963D38400177B3C /* ContentView.swift in Sources */ = {isa = PBXBuildFile; fileRef = FDEE85E42963D38400177B3C /* ContentView.swift */; };
		FDEE85E72963D38600177B3C /* Assets.xcassets in Resources */ = {isa = PBXBuildFile; fileRef = FDEE85E62963D38600177B3C /* Assets.xcassets */; };
		FDEE85EB2963D38600177B3C /* Preview Assets.xcassets in Resources */ = {isa = PBXBuildFile; fileRef = FDEE85EA2963D38600177B3C /* Preview Assets.xcassets */; };
		FDEE85FA2964664A00177B3C /* TestPod3.xcworkspace in Resources */ = {isa = PBXBuildFile; fileRef = FDEE85F92964664A00177B3C /* TestPod3.xcworkspace */; };
		FDEE85FE2964699200177B3C /* Pods_TestPod3.framework in Frameworks */ = {isa = PBXBuildFile; fileRef = FDEE85FD2964699200177B3C /* Pods_TestPod3.framework */; };
		FDEE85FF2964699200177B3C /* Pods_TestPod3.framework in Embed Frameworks */ = {isa = PBXBuildFile; fileRef = FDEE85FD2964699200177B3C /* Pods_TestPod3.framework */; settings = {ATTRIBUTES = (CodeSignOnCopy, RemoveHeadersOnCopy, ); }; };
		FDEE860529651C3700177B3C /* ChatResult.swift in Sources */ = {isa = PBXBuildFile; fileRef = FDEE860429651C3700177B3C /* ChatResult.swift */; };
/* End PBXBuildFile section */

/* Begin PBXCopyFilesBuildPhase section */
		FDEE86002964699200177B3C /* Embed Frameworks */ = {
			isa = PBXCopyFilesBuildPhase;
			buildActionMask = 2147483647;
			dstPath = "";
			dstSubfolderSpec = 10;
			files = (
				FDEE85FF2964699200177B3C /* Pods_TestPod3.framework in Embed Frameworks */,
			);
			name = "Embed Frameworks";
			runOnlyForDeploymentPostprocessing = 0;
		};
/* End PBXCopyFilesBuildPhase section */

/* Begin PBXFileReference section */
		8CB1A1548B3C1EA030DD11D6 /* Pods_TestPod3.framework */ = {isa = PBXFileReference; explicitFileType = wrapper.framework; includeInIndex = 0; path = Pods_TestPod3.framework; sourceTree = BUILT_PRODUCTS_DIR; };
		E53375A86D777B9E6F19D056 /* Pods-TestPod3.release.xcconfig */ = {isa = PBXFileReference; includeInIndex = 1; lastKnownFileType = text.xcconfig; name = "Pods-TestPod3.release.xcconfig"; path = "Target Support Files/Pods-TestPod3/Pods-TestPod3.release.xcconfig"; sourceTree = "<group>"; };
		EAA8AEE6C913C2B066AC5FED /* Pods-TestPod3.debug.xcconfig */ = {isa = PBXFileReference; includeInIndex = 1; lastKnownFileType = text.xcconfig; name = "Pods-TestPod3.debug.xcconfig"; path = "Target Support Files/Pods-TestPod3/Pods-TestPod3.debug.xcconfig"; sourceTree = "<group>"; };
		FDB3AA242965678000CD21A4 /* Test+CoreDataClass.swift */ = {isa = PBXFileReference; lastKnownFileType = sourcecode.swift; path = "Test+CoreDataClass.swift"; sourceTree = SOURCE_ROOT; };
		FDB3AA252965678000CD21A4 /* Test+CoreDataProperties.swift */ = {isa = PBXFileReference; lastKnownFileType = sourcecode.swift; path = "Test+CoreDataProperties.swift"; sourceTree = SOURCE_ROOT; };
		FDB3AA282965699D00CD21A4 /* DataTest.swift */ = {isa = PBXFileReference; lastKnownFileType = sourcecode.swift; path = DataTest.swift; sourceTree = "<group>"; };
		FDB3AA2A296694B500CD21A4 /* GenicCoreDataOperation.swift */ = {isa = PBXFileReference; lastKnownFileType = sourcecode.swift; path = GenicCoreDataOperation.swift; sourceTree = "<group>"; };
		FDB3AA2C2966992900CD21A4 /* TestDataGenic.swift */ = {isa = PBXFileReference; lastKnownFileType = sourcecode.swift; path = TestDataGenic.swift; sourceTree = "<group>"; };
		FDB3AA2E2966ADCA00CD21A4 /* TestGenicView.swift */ = {isa = PBXFileReference; lastKnownFileType = sourcecode.swift; path = TestGenicView.swift; sourceTree = "<group>"; };
		FDEE85DA2963D38300177B3C /* TestPod3.app */ = {isa = PBXFileReference; explicitFileType = wrapper.application; includeInIndex = 0; path = TestPod3.app; sourceTree = BUILT_PRODUCTS_DIR; };
		FDEE85DD2963D38300177B3C /* TestPod3App.swift */ = {isa = PBXFileReference; lastKnownFileType = sourcecode.swift; path = TestPod3App.swift; sourceTree = "<group>"; };
		FDEE85DF2963D38300177B3C /* Persistence.swift */ = {isa = PBXFileReference; lastKnownFileType = sourcecode.swift; path = Persistence.swift; sourceTree = "<group>"; };
		FDEE85E22963D38300177B3C /* TestPod3.xcdatamodel */ = {isa = PBXFileReference; lastKnownFileType = wrapper.xcdatamodel; path = TestPod3.xcdatamodel; sourceTree = "<group>"; };
		FDEE85E42963D38400177B3C /* ContentView.swift */ = {isa = PBXFileReference; lastKnownFileType = sourcecode.swift; path = ContentView.swift; sourceTree = "<group>"; };
		FDEE85E62963D38600177B3C /* Assets.xcassets */ = {isa = PBXFileReference; lastKnownFileType = folder.assetcatalog; path = Assets.xcassets; sourceTree = "<group>"; };
		FDEE85E82963D38600177B3C /* TestPod3.entitlements */ = {isa = PBXFileReference; lastKnownFileType = text.plist.entitlements; path = TestPod3.entitlements; sourceTree = "<group>"; };
		FDEE85EA2963D38600177B3C /* Preview Assets.xcassets */ = {isa = PBXFileReference; lastKnownFileType = folder.assetcatalog; path = "Preview Assets.xcassets"; sourceTree = "<group>"; };
		FDEE85F92964664A00177B3C /* TestPod3.xcworkspace */ = {isa = PBXFileReference; lastKnownFileType = wrapper.workspace; path = TestPod3.xcworkspace; sourceTree = "<group>"; };
		FDEE85FD2964699200177B3C /* Pods_TestPod3.framework */ = {isa = PBXFileReference; explicitFileType = wrapper.framework; path = Pods_TestPod3.framework; sourceTree = BUILT_PRODUCTS_DIR; };
		FDEE860129646A8800177B3C /* SwiftyJSON.framework */ = {isa = PBXFileReference; explicitFileType = wrapper.framework; path = SwiftyJSON.framework; sourceTree = BUILT_PRODUCTS_DIR; };
		FDEE860429651C3700177B3C /* ChatResult.swift */ = {isa = PBXFileReference; lastKnownFileType = sourcecode.swift; path = ChatResult.swift; sourceTree = "<group>"; };
/* End PBXFileReference section */

/* Begin PBXFrameworksBuildPhase section */
		FDEE85D72963D38300177B3C /* Frameworks */ = {
			isa = PBXFrameworksBuildPhase;
			buildActionMask = 2147483647;
			files = (
				FDEE85FE2964699200177B3C /* Pods_TestPod3.framework in Frameworks */,
			);
			runOnlyForDeploymentPostprocessing = 0;
		};
/* End PBXFrameworksBuildPhase section */

/* Begin PBXGroup section */
		10DA406F14DAC5C97DEE45C3 /* Pods */ = {
			isa = PBXGroup;
			children = (
				EAA8AEE6C913C2B066AC5FED /* Pods-TestPod3.debug.xcconfig */,
				E53375A86D777B9E6F19D056 /* Pods-TestPod3.release.xcconfig */,
			);
			path = Pods;
			sourceTree = "<group>";
		};
		E9B1EA1522C35B06D60F41B3 /* Frameworks */ = {
			isa = PBXGroup;
			children = (
				FDEE860129646A8800177B3C /* SwiftyJSON.framework */,
				FDEE85FD2964699200177B3C /* Pods_TestPod3.framework */,
				8CB1A1548B3C1EA030DD11D6 /* Pods_TestPod3.framework */,
			);
			name = Frameworks;
			sourceTree = "<group>";
		};
		FDEE85D12963D38300177B3C = {
			isa = PBXGroup;
			children = (
				FDEE85F92964664A00177B3C /* TestPod3.xcworkspace */,
				FDEE85DC2963D38300177B3C /* TestPod3 */,
				FDEE85DB2963D38300177B3C /* Products */,
				10DA406F14DAC5C97DEE45C3 /* Pods */,
				E9B1EA1522C35B06D60F41B3 /* Frameworks */,
			);
			sourceTree = "<group>";
		};
		FDEE85DB2963D38300177B3C /* Products */ = {
			isa = PBXGroup;
			children = (
				FDEE85DA2963D38300177B3C /* TestPod3.app */,
			);
			name = Products;
			sourceTree = "<group>";
		};
		FDEE85DC2963D38300177B3C /* TestPod3 */ = {
			isa = PBXGroup;
			children = (
				FDB3AA242965678000CD21A4 /* Test+CoreDataClass.swift */,
				FDB3AA252965678000CD21A4 /* Test+CoreDataProperties.swift */,
				FDEE85DD2963D38300177B3C /* TestPod3App.swift */,
				FDEE85DF2963D38300177B3C /* Persistence.swift */,
				FDEE85E42963D38400177B3C /* ContentView.swift */,
				FDEE85E62963D38600177B3C /* Assets.xcassets */,
				FDEE85E82963D38600177B3C /* TestPod3.entitlements */,
				FDEE85E12963D38300177B3C /* TestPod3.xcdatamodeld */,
				FDEE85E92963D38600177B3C /* Preview Content */,
				FDEE860429651C3700177B3C /* ChatResult.swift */,
				FDB3AA282965699D00CD21A4 /* DataTest.swift */,
				FDB3AA2A296694B500CD21A4 /* GenicCoreDataOperation.swift */,
				FDB3AA2C2966992900CD21A4 /* TestDataGenic.swift */,
				FDB3AA2E2966ADCA00CD21A4 /* TestGenicView.swift */,
			);
			path = TestPod3;
			sourceTree = "<group>";
		};
		FDEE85E92963D38600177B3C /* Preview Content */ = {
			isa = PBXGroup;
			children = (
				FDEE85EA2963D38600177B3C /* Preview Assets.xcassets */,
			);
			path = "Preview Content";
			sourceTree = "<group>";
		};
/* End PBXGroup section */

/* Begin PBXNativeTarget section */
		FDEE85D92963D38300177B3C /* TestPod3 */ = {
			isa = PBXNativeTarget;
			buildConfigurationList = FDEE85EE2963D38600177B3C /* Build configuration list for PBXNativeTarget "TestPod3" */;
			buildPhases = (
				C76021DAA8460454AF565136 /* [CP] Check Pods Manifest.lock */,
				FDEE85D62963D38300177B3C /* Sources */,
				FDEE85D72963D38300177B3C /* Frameworks */,
				FDEE85D82963D38300177B3C /* Resources */,
				6DEF80C27DB2DCD91D5FD6F7 /* [CP] Embed Pods Frameworks */,
				FDEE86002964699200177B3C /* Embed Frameworks */,
			);
			buildRules = (
			);
			dependencies = (
			);
			name = TestPod3;
			productName = TestPod3;
			productReference = FDEE85DA2963D38300177B3C /* TestPod3.app */;
			productType = "com.apple.product-type.application";
		};
/* End PBXNativeTarget section */

/* Begin PBXProject section */
		FDEE85D22963D38300177B3C /* Project object */ = {
			isa = PBXProject;
			attributes = {
				BuildIndependentTargetsInParallel = 1;
				LastSwiftUpdateCheck = 1410;
				LastUpgradeCheck = 1410;
				TargetAttributes = {
					FDEE85D92963D38300177B3C = {
						CreatedOnToolsVersion = 14.1;
					};
				};
			};
			buildConfigurationList = FDEE85D52963D38300177B3C /* Build configuration list for PBXProject "TestPod3" */;
			compatibilityVersion = "Xcode 14.0";
			developmentRegion = en;
			hasScannedForEncodings = 0;
			knownRegions = (
				en,
				Base,
			);
			mainGroup = FDEE85D12963D38300177B3C;
			productRefGroup = FDEE85DB2963D38300177B3C /* Products */;
			projectDirPath = "";
			projectRoot = "";
			targets = (
				FDEE85D92963D38300177B3C /* TestPod3 */,
			);
		};
/* End PBXProject section */

/* Begin PBXResourcesBuildPhase section */
		FDEE85D82963D38300177B3C /* Resources */ = {
			isa = PBXResourcesBuildPhase;
			buildActionMask = 2147483647;
			files = (
				FDEE85FA2964664A00177B3C /* TestPod3.xcworkspace in Resources */,
				FDEE85EB2963D38600177B3C /* Preview Assets.xcassets in Resources */,
				FDEE85E72963D38600177B3C /* Assets.xcassets in Resources */,
			);
			runOnlyForDeploymentPostprocessing = 0;
		};
/* End PBXResourcesBuildPhase section */

/* Begin PBXShellScriptBuildPhase section */
		6DEF80C27DB2DCD91D5FD6F7 /* [CP] Embed Pods Frameworks */ = {
			isa = PBXShellScriptBuildPhase;
			buildActionMask = 2147483647;
			files = (
			);
			inputFileListPaths = (
				"${PODS_ROOT}/Target Support Files/Pods-TestPod3/Pods-TestPod3-frameworks-${CONFIGURATION}-input-files.xcfilelist",
			);
			name = "[CP] Embed Pods Frameworks";
			outputFileListPaths = (
				"${PODS_ROOT}/Target Support Files/Pods-TestPod3/Pods-TestPod3-frameworks-${CONFIGURATION}-output-files.xcfilelist",
			);
			runOnlyForDeploymentPostprocessing = 0;
			shellPath = /bin/sh;
			shellScript = "\"${PODS_ROOT}/Target Support Files/Pods-TestPod3/Pods-TestPod3-frameworks.sh\"\n";
			showEnvVarsInLog = 0;
		};
		C76021DAA8460454AF565136 /* [CP] Check Pods Manifest.lock */ = {
			isa = PBXShellScriptBuildPhase;
			buildActionMask = 2147483647;
			files = (
			);
			inputFileListPaths = (
			);
			inputPaths = (
				"${PODS_PODFILE_DIR_PATH}/Podfile.lock",
				"${PODS_ROOT}/Manifest.lock",
			);
			name = "[CP] Check Pods Manifest.lock";
			outputFileListPaths = (
			);
			outputPaths = (
				"$(DERIVED_FILE_DIR)/Pods-TestPod3-checkManifestLockResult.txt",
			);
			runOnlyForDeploymentPostprocessing = 0;
			shellPath = /bin/sh;
			shellScript = "diff \"${PODS_PODFILE_DIR_PATH}/Podfile.lock\" \"${PODS_ROOT}/Manifest.lock\" > /dev/null\nif [ $? != 0 ] ; then\n    # print error to STDERR\n    echo \"error: The sandbox is not in sync with the Podfile.lock. Run 'pod install' or update your CocoaPods installation.\" >&2\n    exit 1\nfi\n# This output is used by Xcode 'outputs' to avoid re-running this script phase.\necho \"SUCCESS\" > \"${SCRIPT_OUTPUT_FILE_0}\"\n";
			showEnvVarsInLog = 0;
		};
/* End PBXShellScriptBuildPhase section */

/* Begin PBXSourcesBuildPhase section */
		FDEE85D62963D38300177B3C /* Sources */ = {
			isa = PBXSourcesBuildPhase;
			buildActionMask = 2147483647;
			files = (
				FDEE85DE2963D38300177B3C /* TestPod3App.swift in Sources */,
				FDEE85E32963D38400177B3C /* TestPod3.xcdatamodeld in Sources */,
				FDB3AA2D2966992900CD21A4 /* TestDataGenic.swift in Sources */,
				FDEE85E52963D38400177B3C /* ContentView.swift in Sources */,
				FDB3AA292965699D00CD21A4 /* DataTest.swift in Sources */,
				FDB3AA262965678000CD21A4 /* Test+CoreDataClass.swift in Sources */,
				FDB3AA272965678000CD21A4 /* Test+CoreDataProperties.swift in Sources */,
				FDB3AA2F2966ADCA00CD21A4 /* TestGenicView.swift in Sources */,
				FDEE860529651C3700177B3C /* ChatResult.swift in Sources */,
				FDB3AA2B296694B500CD21A4 /* GenicCoreDataOperation.swift in Sources */,
				FDEE85E02963D38300177B3C /* Persistence.swift in Sources */,
			);
			runOnlyForDeploymentPostprocessing = 0;
		};
/* End PBXSourcesBuildPhase section */

/* Begin XCBuildConfiguration section */
		FDEE85EC2963D38600177B3C /* Debug */ = {
			isa = XCBuildConfiguration;
			buildSettings = {
				ALWAYS_SEARCH_USER_PATHS = NO;
				CLANG_ANALYZER_NONNULL = YES;
				CLANG_ANALYZER_NUMBER_OBJECT_CONVERSION = YES_AGGRESSIVE;
				CLANG_CXX_LANGUAGE_STANDARD = "gnu++20";
				CLANG_ENABLE_MODULES = YES;
				CLANG_ENABLE_OBJC_ARC = YES;
				CLANG_ENABLE_OBJC_WEAK = YES;
				CLANG_WARN_BLOCK_CAPTURE_AUTORELEASING = YES;
				CLANG_WARN_BOOL_CONVERSION = YES;
				CLANG_WARN_COMMA = YES;
				CLANG_WARN_CONSTANT_CONVERSION = YES;
				CLANG_WARN_DEPRECATED_OBJC_IMPLEMENTATIONS = YES;
				CLANG_WARN_DIRECT_OBJC_ISA_USAGE = YES_ERROR;
				CLANG_WARN_DOCUMENTATION_COMMENTS = YES;
				CLANG_WARN_EMPTY_BODY = YES;
				CLANG_WARN_ENUM_CONVERSION = YES;
				CLANG_WARN_INFINITE_RECURSION = YES;
				CLANG_WARN_INT_CONVERSION = YES;
				CLANG_WARN_NON_LITERAL_NULL_CONVERSION = YES;
				CLANG_WARN_OBJC_IMPLICIT_RETAIN_SELF = YES;
				CLANG_WARN_OBJC_LITERAL_CONVERSION = YES;
				CLANG_WARN_OBJC_ROOT_CLASS = YES_ERROR;
				CLANG_WARN_QUOTED_INCLUDE_IN_FRAMEWORK_HEADER = YES;
				CLANG_WARN_RANGE_LOOP_ANALYSIS = YES;
				CLANG_WARN_STRICT_PROTOTYPES = YES;
				CLANG_WARN_SUSPICIOUS_MOVE = YES;
				CLANG_WARN_UNGUARDED_AVAILABILITY = YES_AGGRESSIVE;
				CLANG_WARN_UNREACHABLE_CODE = YES;
				CLANG_WARN__DUPLICATE_METHOD_MATCH = YES;
				COPY_PHASE_STRIP = NO;
				DEBUG_INFORMATION_FORMAT = dwarf;
				ENABLE_STRICT_OBJC_MSGSEND = YES;
				ENABLE_TESTABILITY = YES;
				GCC_C_LANGUAGE_STANDARD = gnu11;
				GCC_DYNAMIC_NO_PIC = NO;
				GCC_NO_COMMON_BLOCKS = YES;
				GCC_OPTIMIZATION_LEVEL = 0;
				GCC_PREPROCESSOR_DEFINITIONS = (
					"DEBUG=1",
					"$(inherited)",
				);
				GCC_WARN_64_TO_32_BIT_CONVERSION = YES;
				GCC_WARN_ABOUT_RETURN_TYPE = YES_ERROR;
				GCC_WARN_UNDECLARED_SELECTOR = YES;
				GCC_WARN_UNINITIALIZED_AUTOS = YES_AGGRESSIVE;
				GCC_WARN_UNUSED_FUNCTION = YES;
				GCC_WARN_UNUSED_VARIABLE = YES;
				MTL_ENABLE_DEBUG_INFO = INCLUDE_SOURCE;
				MTL_FAST_MATH = YES;
				ONLY_ACTIVE_ARCH = YES;
				SWIFT_ACTIVE_COMPILATION_CONDITIONS = DEBUG;
				SWIFT_OPTIMIZATION_LEVEL = "-Onone";
			};
			name = Debug;
		};
		FDEE85ED2963D38600177B3C /* Release */ = {
			isa = XCBuildConfiguration;
			buildSettings = {
				ALWAYS_SEARCH_USER_PATHS = NO;
				CLANG_ANALYZER_NONNULL = YES;
				CLANG_ANALYZER_NUMBER_OBJECT_CONVERSION = YES_AGGRESSIVE;
				CLANG_CXX_LANGUAGE_STANDARD = "gnu++20";
				CLANG_ENABLE_MODULES = YES;
				CLANG_ENABLE_OBJC_ARC = YES;
				CLANG_ENABLE_OBJC_WEAK = YES;
				CLANG_WARN_BLOCK_CAPTURE_AUTORELEASING = YES;
				CLANG_WARN_BOOL_CONVERSION = YES;
				CLANG_WARN_COMMA = YES;
				CLANG_WARN_CONSTANT_CONVERSION = YES;
				CLANG_WARN_DEPRECATED_OBJC_IMPLEMENTATIONS = YES;
				CLANG_WARN_DIRECT_OBJC_ISA_USAGE = YES_ERROR;
				CLANG_WARN_DOCUMENTATION_COMMENTS = YES;
				CLANG_WARN_EMPTY_BODY = YES;
				CLANG_WARN_ENUM_CONVERSION = YES;
				CLANG_WARN_INFINITE_RECURSION = YES;
				CLANG_WARN_INT_CONVERSION = YES;
				CLANG_WARN_NON_LITERAL_NULL_CONVERSION = YES;
				CLANG_WARN_OBJC_IMPLICIT_RETAIN_SELF = YES;
				CLANG_WARN_OBJC_LITERAL_CONVERSION = YES;
				CLANG_WARN_OBJC_ROOT_CLASS = YES_ERROR;
				CLANG_WARN_QUOTED_INCLUDE_IN_FRAMEWORK_HEADER = YES;
				CLANG_WARN_RANGE_LOOP_ANALYSIS = YES;
				CLANG_WARN_STRICT_PROTOTYPES = YES;
				CLANG_WARN_SUSPICIOUS_MOVE = YES;
				CLANG_WARN_UNGUARDED_AVAILABILITY = YES_AGGRESSIVE;
				CLANG_WARN_UNREACHABLE_CODE = YES;
				CLANG_WARN__DUPLICATE_METHOD_MATCH = YES;
				COPY_PHASE_STRIP = NO;
				DEBUG_INFORMATION_FORMAT = "dwarf-with-dsym";
				ENABLE_NS_ASSERTIONS = NO;
				ENABLE_STRICT_OBJC_MSGSEND = YES;
				GCC_C_LANGUAGE_STANDARD = gnu11;
				GCC_NO_COMMON_BLOCKS = YES;
				GCC_WARN_64_TO_32_BIT_CONVERSION = YES;
				GCC_WARN_ABOUT_RETURN_TYPE = YES_ERROR;
				GCC_WARN_UNDECLARED_SELECTOR = YES;
				GCC_WARN_UNINITIALIZED_AUTOS = YES_AGGRESSIVE;
				GCC_WARN_UNUSED_FUNCTION = YES;
				GCC_WARN_UNUSED_VARIABLE = YES;
				MTL_ENABLE_DEBUG_INFO = NO;
				MTL_FAST_MATH = YES;
				SWIFT_COMPILATION_MODE = wholemodule;
				SWIFT_OPTIMIZATION_LEVEL = "-O";
			};
			name = Release;
		};
		FDEE85EF2963D38600177B3C /* Debug */ = {
			isa = XCBuildConfiguration;
			baseConfigurationReference = EAA8AEE6C913C2B066AC5FED /* Pods-TestPod3.debug.xcconfig */;
			buildSettings = {
				ASSETCATALOG_COMPILER_APPICON_NAME = AppIcon;
				ASSETCATALOG_COMPILER_GLOBAL_ACCENT_COLOR_NAME = AccentColor;
				CODE_SIGN_ENTITLEMENTS = TestPod3/TestPod3.entitlements;
				CODE_SIGN_STYLE = Automatic;
				CURRENT_PROJECT_VERSION = 1;
				DEVELOPMENT_ASSET_PATHS = "\"TestPod3/Preview Content\"";
				DEVELOPMENT_TEAM = PHWH78T44A;
				ENABLE_HARDENED_RUNTIME = YES;
				ENABLE_PREVIEWS = YES;
				GENERATE_INFOPLIST_FILE = YES;
				INFOPLIST_KEY_NSNetworkVolumesUsageDescription = "use network";
				"INFOPLIST_KEY_UIApplicationSceneManifest_Generation[sdk=iphoneos*]" = YES;
				"INFOPLIST_KEY_UIApplicationSceneManifest_Generation[sdk=iphonesimulator*]" = YES;
				"INFOPLIST_KEY_UIApplicationSupportsIndirectInputEvents[sdk=iphoneos*]" = YES;
				"INFOPLIST_KEY_UIApplicationSupportsIndirectInputEvents[sdk=iphonesimulator*]" = YES;
				"INFOPLIST_KEY_UILaunchScreen_Generation[sdk=iphoneos*]" = YES;
				"INFOPLIST_KEY_UILaunchScreen_Generation[sdk=iphonesimulator*]" = YES;
				"INFOPLIST_KEY_UIStatusBarStyle[sdk=iphoneos*]" = UIStatusBarStyleDefault;
				"INFOPLIST_KEY_UIStatusBarStyle[sdk=iphonesimulator*]" = UIStatusBarStyleDefault;
				INFOPLIST_KEY_UISupportedInterfaceOrientations_iPad = "UIInterfaceOrientationPortrait UIInterfaceOrientationPortraitUpsideDown UIInterfaceOrientationLandscapeLeft UIInterfaceOrientationLandscapeRight";
				INFOPLIST_KEY_UISupportedInterfaceOrientations_iPhone = "UIInterfaceOrientationPortrait UIInterfaceOrientationLandscapeLeft UIInterfaceOrientationLandscapeRight";
				IPHONEOS_DEPLOYMENT_TARGET = 16.1;
				LD_RUNPATH_SEARCH_PATHS = (
					"@executable_path/Frameworks",
					"$(inherited)",
				);
				"LD_RUNPATH_SEARCH_PATHS[sdk=macosx*]" = "@executable_path/../Frameworks";
				MACOSX_DEPLOYMENT_TARGET = 13.0;
				MARKETING_VERSION = 1.0;
				PRODUCT_BUNDLE_IDENTIFIER = rolodestar.com.TestPod3;
				PRODUCT_NAME = "$(TARGET_NAME)";
				SDKROOT = auto;
				SUPPORTED_PLATFORMS = "iphoneos iphonesimulator macosx";
				SWIFT_EMIT_LOC_STRINGS = YES;
				SWIFT_VERSION = 5.0;
				TARGETED_DEVICE_FAMILY = "1,2";
			};
			name = Debug;
		};
		FDEE85F02963D38600177B3C /* Release */ = {
			isa = XCBuildConfiguration;
			baseConfigurationReference = E53375A86D777B9E6F19D056 /* Pods-TestPod3.release.xcconfig */;
			buildSettings = {
				ASSETCATALOG_COMPILER_APPICON_NAME = AppIcon;
				ASSETCATALOG_COMPILER_GLOBAL_ACCENT_COLOR_NAME = AccentColor;
				CODE_SIGN_ENTITLEMENTS = TestPod3/TestPod3.entitlements;
				CODE_SIGN_STYLE = Automatic;
				CURRENT_PROJECT_VERSION = 1;
				DEVELOPMENT_ASSET_PATHS = "\"TestPod3/Preview Content\"";
				DEVELOPMENT_TEAM = PHWH78T44A;
				ENABLE_HARDENED_RUNTIME = YES;
				ENABLE_PREVIEWS = YES;
				GENERATE_INFOPLIST_FILE = YES;
				INFOPLIST_KEY_NSNetworkVolumesUsageDescription = "use network";
				"INFOPLIST_KEY_UIApplicationSceneManifest_Generation[sdk=iphoneos*]" = YES;
				"INFOPLIST_KEY_UIApplicationSceneManifest_Generation[sdk=iphonesimulator*]" = YES;
				"INFOPLIST_KEY_UIApplicationSupportsIndirectInputEvents[sdk=iphoneos*]" = YES;
				"INFOPLIST_KEY_UIApplicationSupportsIndirectInputEvents[sdk=iphonesimulator*]" = YES;
				"INFOPLIST_KEY_UILaunchScreen_Generation[sdk=iphoneos*]" = YES;
				"INFOPLIST_KEY_UILaunchScreen_Generation[sdk=iphonesimulator*]" = YES;
				"INFOPLIST_KEY_UIStatusBarStyle[sdk=iphoneos*]" = UIStatusBarStyleDefault;
				"INFOPLIST_KEY_UIStatusBarStyle[sdk=iphonesimulator*]" = UIStatusBarStyleDefault;
				INFOPLIST_KEY_UISupportedInterfaceOrientations_iPad = "UIInterfaceOrientationPortrait UIInterfaceOrientationPortraitUpsideDown UIInterfaceOrientationLandscapeLeft UIInterfaceOrientationLandscapeRight";
				INFOPLIST_KEY_UISupportedInterfaceOrientations_iPhone = "UIInterfaceOrientationPortrait UIInterfaceOrientationLandscapeLeft UIInterfaceOrientationLandscapeRight";
				IPHONEOS_DEPLOYMENT_TARGET = 16.1;
				LD_RUNPATH_SEARCH_PATHS = (
					"@executable_path/Frameworks",
					"$(inherited)",
				);
				"LD_RUNPATH_SEARCH_PATHS[sdk=macosx*]" = "@executable_path/../Frameworks";
				MACOSX_DEPLOYMENT_TARGET = 13.0;
				MARKETING_VERSION = 1.0;
				PRODUCT_BUNDLE_IDENTIFIER = rolodestar.com.TestPod3;
				PRODUCT_NAME = "$(TARGET_NAME)";
				SDKROOT = auto;
				SUPPORTED_PLATFORMS = "iphoneos iphonesimulator macosx";
				SWIFT_EMIT_LOC_STRINGS = YES;
				SWIFT_VERSION = 5.0;
				TARGETED_DEVICE_FAMILY = "1,2";
			};
			name = Release;
		};
/* End XCBuildConfiguration section */

/* Begin XCConfigurationList section */
		FDEE85D52963D38300177B3C /* Build configuration list for PBXProject "TestPod3" */ = {
			isa = XCConfigurationList;
			buildConfigurations = (
				FDEE85EC2963D38600177B3C /* Debug */,
				FDEE85ED2963D38600177B3C /* Release */,
			);
			defaultConfigurationIsVisible = 0;
			defaultConfigurationName = Release;
		};
		FDEE85EE2963D38600177B3C /* Build configuration list for PBXNativeTarget "TestPod3" */ = {
			isa = XCConfigurationList;
			buildConfigurations = (
				FDEE85EF2963D38600177B3C /* Debug */,
				FDEE85F02963D38600177B3C /* Release */,
			);
			defaultConfigurationIsVisible = 0;
			defaultConfigurationName = Release;
		};
/* End XCConfigurationList section */

/* Begin XCVersionGroup section */
		FDEE85E12963D38300177B3C /* TestPod3.xcdatamodeld */ = {
			isa = XCVersionGroup;
			children = (
				FDEE85E22963D38300177B3C /* TestPod3.xcdatamodel */,
			);
			currentVersion = FDEE85E22963D38300177B3C /* TestPod3.xcdatamodel */;
			path = TestPod3.xcdatamodeld;
			sourceTree = "<group>";
			versionGroupType = wrapper.xcdatamodel;
		};
/* End XCVersionGroup section */
	};
	rootObject = FDEE85D22963D38300177B3C /* Project object */;
}
